// !$*UTF8*$!
{
	archiveVersion = 1;
	classes = {
	};
	objectVersion = 55;
	objects = {

/* Begin PBXBuildFile section */
		903664BF279FB4AC00618612 /* WeatherRouter.swift in Sources */ = {isa = PBXBuildFile; fileRef = 903664BE279FB4AC00618612 /* WeatherRouter.swift */; };
		903664C1279FB4B300618612 /* WeatherRouterImp.swift in Sources */ = {isa = PBXBuildFile; fileRef = 903664C0279FB4B300618612 /* WeatherRouterImp.swift */; };
		9065C051279F3A1B00A72A11 /* AppDelegate.swift in Sources */ = {isa = PBXBuildFile; fileRef = 9065C050279F3A1B00A72A11 /* AppDelegate.swift */; };
		9065C055279F3A1B00A72A11 /* RootViewController.swift in Sources */ = {isa = PBXBuildFile; fileRef = 9065C054279F3A1B00A72A11 /* RootViewController.swift */; };
		9065C05A279F3A1B00A72A11 /* Assets.xcassets in Resources */ = {isa = PBXBuildFile; fileRef = 9065C059279F3A1B00A72A11 /* Assets.xcassets */; };
		9065C05D279F3A1B00A72A11 /* LaunchScreen.storyboard in Resources */ = {isa = PBXBuildFile; fileRef = 9065C05B279F3A1B00A72A11 /* LaunchScreen.storyboard */; };
		9065C06F279F3AF800A72A11 /* WeatherAssembly.swift in Sources */ = {isa = PBXBuildFile; fileRef = 9065C06E279F3AF800A72A11 /* WeatherAssembly.swift */; };
		9065C071279F3B2000A72A11 /* WeatherViewController.swift in Sources */ = {isa = PBXBuildFile; fileRef = 9065C070279F3B2000A72A11 /* WeatherViewController.swift */; };
		9065C075279F3B7600A72A11 /* WeatherPresenter.swift in Sources */ = {isa = PBXBuildFile; fileRef = 9065C074279F3B7600A72A11 /* WeatherPresenter.swift */; };
		9065C077279F3B9A00A72A11 /* WeatherPresenterImp.swift in Sources */ = {isa = PBXBuildFile; fileRef = 9065C076279F3B9A00A72A11 /* WeatherPresenterImp.swift */; };
		9065C079279F3C6400A72A11 /* WeatherInteractor.swift in Sources */ = {isa = PBXBuildFile; fileRef = 9065C078279F3C6400A72A11 /* WeatherInteractor.swift */; };
		9065C07B279F3CB700A72A11 /* WeatherInteractorImp.swift in Sources */ = {isa = PBXBuildFile; fileRef = 9065C07A279F3CB700A72A11 /* WeatherInteractorImp.swift */; };
		9065C07F279F3D3100A72A11 /* GeoModel.swift in Sources */ = {isa = PBXBuildFile; fileRef = 9065C07E279F3D3100A72A11 /* GeoModel.swift */; };
		9065C083279F3FCD00A72A11 /* WeatherService.swift in Sources */ = {isa = PBXBuildFile; fileRef = 9065C082279F3FCD00A72A11 /* WeatherService.swift */; };
		9065C085279F3FE300A72A11 /* WeatherServiceImp.swift in Sources */ = {isa = PBXBuildFile; fileRef = 9065C084279F3FE300A72A11 /* WeatherServiceImp.swift */; };
		9065C087279F412500A72A11 /* WeatherRawEntity.swift in Sources */ = {isa = PBXBuildFile; fileRef = 9065C086279F412500A72A11 /* WeatherRawEntity.swift */; };
		9065C08A279F419100A72A11 /* OWAPIEnum.swift in Sources */ = {isa = PBXBuildFile; fileRef = 9065C089279F419100A72A11 /* OWAPIEnum.swift */; };
		9065C08C279F41A800A72A11 /* QueryItemEnum.swift in Sources */ = {isa = PBXBuildFile; fileRef = 9065C08B279F41A800A72A11 /* QueryItemEnum.swift */; };
		9065C090279F429500A72A11 /* LocationService.swift in Sources */ = {isa = PBXBuildFile; fileRef = 9065C08F279F429500A72A11 /* LocationService.swift */; };
		9065C092279F429C00A72A11 /* LocationServiceImp.swift in Sources */ = {isa = PBXBuildFile; fileRef = 9065C091279F429C00A72A11 /* LocationServiceImp.swift */; };
		9065C095279F435A00A72A11 /* StorageService.swift in Sources */ = {isa = PBXBuildFile; fileRef = 9065C094279F435A00A72A11 /* StorageService.swift */; };
		9065C097279F436100A72A11 /* StorageServiceImp.swift in Sources */ = {isa = PBXBuildFile; fileRef = 9065C096279F436100A72A11 /* StorageServiceImp.swift */; };
		9065C099279F478300A72A11 /* WeatherCustomEntity.swift in Sources */ = {isa = PBXBuildFile; fileRef = 9065C098279F478300A72A11 /* WeatherCustomEntity.swift */; };
		9065C09B279F47B400A72A11 /* StorageEnum.swift in Sources */ = {isa = PBXBuildFile; fileRef = 9065C09A279F47B400A72A11 /* StorageEnum.swift */; };
		9065C09D279F4D1400A72A11 /* WeatherView.storyboard in Resources */ = {isa = PBXBuildFile; fileRef = 9065C09C279F4D1400A72A11 /* WeatherView.storyboard */; };
		908A0CD027A0A1BD00E44F86 /* FavoritesView.storyboard in Resources */ = {isa = PBXBuildFile; fileRef = 908A0CCF27A0A1BD00E44F86 /* FavoritesView.storyboard */; };
		908A0CD227A0A22B00E44F86 /* FavoritesViewController.swift in Sources */ = {isa = PBXBuildFile; fileRef = 908A0CD127A0A22B00E44F86 /* FavoritesViewController.swift */; };
		908A0CD727A0A50C00E44F86 /* CityCell.xib in Resources */ = {isa = PBXBuildFile; fileRef = 908A0CD627A0A50C00E44F86 /* CityCell.xib */; };
		908A0CD927A0A52500E44F86 /* CityCell.swift in Sources */ = {isa = PBXBuildFile; fileRef = 908A0CD827A0A52500E44F86 /* CityCell.swift */; };
		908A0CDB27A0AEE600E44F86 /* FavoritesPresenter.swift in Sources */ = {isa = PBXBuildFile; fileRef = 908A0CDA27A0AEE600E44F86 /* FavoritesPresenter.swift */; };
		908A0CDD27A0AEFF00E44F86 /* FavoritesPresenterImp.swift in Sources */ = {isa = PBXBuildFile; fileRef = 908A0CDC27A0AEFF00E44F86 /* FavoritesPresenterImp.swift */; };
		908A0CE727A0B7B900E44F86 /* FavoritesAssembly.swift in Sources */ = {isa = PBXBuildFile; fileRef = 908A0CE627A0B7B900E44F86 /* FavoritesAssembly.swift */; };
		908A0CE927A0B7D100E44F86 /* FavoritesInteractor.swift in Sources */ = {isa = PBXBuildFile; fileRef = 908A0CE827A0B7D100E44F86 /* FavoritesInteractor.swift */; };
		908A0CEB27A0B7F000E44F86 /* FavoritesInteractorImp.swift in Sources */ = {isa = PBXBuildFile; fileRef = 908A0CEA27A0B7F000E44F86 /* FavoritesInteractorImp.swift */; };
		908A0CF327A0B98100E44F86 /* FavoritesRouter.swift in Sources */ = {isa = PBXBuildFile; fileRef = 908A0CF227A0B98100E44F86 /* FavoritesRouter.swift */; };
		908A0CF527A0B98A00E44F86 /* FavoritesRouterImp.swift in Sources */ = {isa = PBXBuildFile; fileRef = 908A0CF427A0B98A00E44F86 /* FavoritesRouterImp.swift */; };
		908A0CF727A0C12900E44F86 /* FavoritesEntity.swift in Sources */ = {isa = PBXBuildFile; fileRef = 908A0CF627A0C12900E44F86 /* FavoritesEntity.swift */; };
		908A0CF927A0E16C00E44F86 /* Module.swift in Sources */ = {isa = PBXBuildFile; fileRef = 908A0CF827A0E16C00E44F86 /* Module.swift */; };
		908A0CFB27A10ABA00E44F86 /* WeatherPresentationController.swift in Sources */ = {isa = PBXBuildFile; fileRef = 908A0CFA27A10ABA00E44F86 /* WeatherPresentationController.swift */; };
		908A0CFD27A1188300E44F86 /* RawFavoritesModel.swift in Sources */ = {isa = PBXBuildFile; fileRef = 908A0CFC27A1188200E44F86 /* RawFavoritesModel.swift */; };
		908A0CFF27A118A500E44F86 /* CustomFavoritesModel.swift in Sources */ = {isa = PBXBuildFile; fileRef = 908A0CFE27A118A500E44F86 /* CustomFavoritesModel.swift */; };
		90B03A4A27B075540079E52E /* DateFormatterServiceTest.swift in Sources */ = {isa = PBXBuildFile; fileRef = 90B03A4927B075540079E52E /* DateFormatterServiceTest.swift */; };
		90B03A4D27B07A540079E52E /* BackgroundServiceTest.swift in Sources */ = {isa = PBXBuildFile; fileRef = 90B03A4C27B07A540079E52E /* BackgroundServiceTest.swift */; };
		90B139F027A23B2E006495CB /* UIView + extensions.swift in Sources */ = {isa = PBXBuildFile; fileRef = 90B139EF27A23B2E006495CB /* UIView + extensions.swift */; };
		90B139F327A26C8D006495CB /* BackgroundService.swift in Sources */ = {isa = PBXBuildFile; fileRef = 90B139F227A26C8D006495CB /* BackgroundService.swift */; };
		90B139F527A26C99006495CB /* BackgroundServiceImp.swift in Sources */ = {isa = PBXBuildFile; fileRef = 90B139F427A26C99006495CB /* BackgroundServiceImp.swift */; };
		90B139F927A273D8006495CB /* Rain.sks in Resources */ = {isa = PBXBuildFile; fileRef = 90B139F727A273D8006495CB /* Rain.sks */; };
		90B139FA27A273D8006495CB /* Assets.xcassets in Resources */ = {isa = PBXBuildFile; fileRef = 90B139F827A273D8006495CB /* Assets.xcassets */; };
		90C31D6327A50A9300EA0E14 /* Snow.sks in Resources */ = {isa = PBXBuildFile; fileRef = 90C31D6227A50A9300EA0E14 /* Snow.sks */; };
		90C31D6527A50BA700EA0E14 /* Fog.sks in Resources */ = {isa = PBXBuildFile; fileRef = 90C31D6427A50BA700EA0E14 /* Fog.sks */; };
		90C31D6727A50FC100EA0E14 /* Clouds.sks in Resources */ = {isa = PBXBuildFile; fileRef = 90C31D6627A50FC100EA0E14 /* Clouds.sks */; };
		90C31D6927A5132A00EA0E14 /* Sun.sks in Resources */ = {isa = PBXBuildFile; fileRef = 90C31D6827A5132A00EA0E14 /* Sun.sks */; };
		90C31D6D27A5176000EA0E14 /* Stars.sks in Resources */ = {isa = PBXBuildFile; fileRef = 90C31D6C27A5176000EA0E14 /* Stars.sks */; };
		90C56DEC27A6E97100D60C99 /* UIColor + extensions.swift in Sources */ = {isa = PBXBuildFile; fileRef = 90C56DEB27A6E97100D60C99 /* UIColor + extensions.swift */; };
		90C56DEE27A6FF2C00D60C99 /* SKTexture + extensions.swift in Sources */ = {isa = PBXBuildFile; fileRef = 90C56DED27A6FF2C00D60C99 /* SKTexture + extensions.swift */; };
		90C56DF027A745B800D60C99 /* CellsAnimationModel.swift in Sources */ = {isa = PBXBuildFile; fileRef = 90C56DEF27A745B800D60C99 /* CellsAnimationModel.swift */; };
		90C56DFA27A7657500D60C99 /* AlertService.swift in Sources */ = {isa = PBXBuildFile; fileRef = 90C56DF927A7657500D60C99 /* AlertService.swift */; };
		90C56DFC27A765CC00D60C99 /* AlertServiceImp.swift in Sources */ = {isa = PBXBuildFile; fileRef = 90C56DFB27A765CC00D60C99 /* AlertServiceImp.swift */; };
		90D0769F27A8074D00EB235C /* iOSWeatherAppDB.xcdatamodeld in Sources */ = {isa = PBXBuildFile; fileRef = 90D0769D27A8074D00EB235C /* iOSWeatherAppDB.xcdatamodeld */; };
		90D076B127A820EA00EB235C /* iOSWeatherAppTests.swift in Sources */ = {isa = PBXBuildFile; fileRef = 90D076B027A820EA00EB235C /* iOSWeatherAppTests.swift */; };
		90D076BA27A8213600EB235C /* WeatherServiceTest.swift in Sources */ = {isa = PBXBuildFile; fileRef = 90D076B927A8213600EB235C /* WeatherServiceTest.swift */; };
		90D076C027A8417600EB235C /* StorageServiceTest.swift in Sources */ = {isa = PBXBuildFile; fileRef = 90D076BF27A8417600EB235C /* StorageServiceTest.swift */; };
		90F05A53279F722100B5D8BB /* HourlyForecastCell.swift in Sources */ = {isa = PBXBuildFile; fileRef = 90F05A4E279F722100B5D8BB /* HourlyForecastCell.swift */; };
		90F05A54279F722100B5D8BB /* HourlyForecastCell.xib in Resources */ = {isa = PBXBuildFile; fileRef = 90F05A4F279F722100B5D8BB /* HourlyForecastCell.xib */; };
		90F05A55279F722100B5D8BB /* DailyForecastCell.xib in Resources */ = {isa = PBXBuildFile; fileRef = 90F05A51279F722100B5D8BB /* DailyForecastCell.xib */; };
		90F05A56279F722100B5D8BB /* DailyForecastCell.swift in Sources */ = {isa = PBXBuildFile; fileRef = 90F05A52279F722100B5D8BB /* DailyForecastCell.swift */; };
		90F05A58279F725200B5D8BB /* DesignModel.swift in Sources */ = {isa = PBXBuildFile; fileRef = 90F05A57279F725200B5D8BB /* DesignModel.swift */; };
		90F05A5B279F72EE00B5D8BB /* DateFormatterService.swift in Sources */ = {isa = PBXBuildFile; fileRef = 90F05A5A279F72EE00B5D8BB /* DateFormatterService.swift */; };
		90F05A5D279F730000B5D8BB /* DateFormatterServiceImp.swift in Sources */ = {isa = PBXBuildFile; fileRef = 90F05A5C279F730000B5D8BB /* DateFormatterServiceImp.swift */; };
		90F05A60279F741700B5D8BB /* StringProtocol + extensions.swift in Sources */ = {isa = PBXBuildFile; fileRef = 90F05A5F279F741700B5D8BB /* StringProtocol + extensions.swift */; };
/* End PBXBuildFile section */

/* Begin PBXContainerItemProxy section */
		90D076B227A820EA00EB235C /* PBXContainerItemProxy */ = {
			isa = PBXContainerItemProxy;
			containerPortal = 9065C045279F3A1B00A72A11 /* Project object */;
			proxyType = 1;
			remoteGlobalIDString = 9065C04C279F3A1B00A72A11;
			remoteInfo = iOSWeatherApp;
		};
/* End PBXContainerItemProxy section */

/* Begin PBXFileReference section */
		903664BE279FB4AC00618612 /* WeatherRouter.swift */ = {isa = PBXFileReference; lastKnownFileType = sourcecode.swift; path = WeatherRouter.swift; sourceTree = "<group>"; };
		903664C0279FB4B300618612 /* WeatherRouterImp.swift */ = {isa = PBXFileReference; lastKnownFileType = sourcecode.swift; path = WeatherRouterImp.swift; sourceTree = "<group>"; };
		9065C04D279F3A1B00A72A11 /* iOSWeatherApp.app */ = {isa = PBXFileReference; explicitFileType = wrapper.application; includeInIndex = 0; path = iOSWeatherApp.app; sourceTree = BUILT_PRODUCTS_DIR; };
		9065C050279F3A1B00A72A11 /* AppDelegate.swift */ = {isa = PBXFileReference; lastKnownFileType = sourcecode.swift; path = AppDelegate.swift; sourceTree = "<group>"; };
		9065C054279F3A1B00A72A11 /* RootViewController.swift */ = {isa = PBXFileReference; lastKnownFileType = sourcecode.swift; path = RootViewController.swift; sourceTree = "<group>"; };
		9065C059279F3A1B00A72A11 /* Assets.xcassets */ = {isa = PBXFileReference; lastKnownFileType = folder.assetcatalog; path = Assets.xcassets; sourceTree = "<group>"; };
		9065C05C279F3A1B00A72A11 /* Base */ = {isa = PBXFileReference; lastKnownFileType = file.storyboard; name = Base; path = Base.lproj/LaunchScreen.storyboard; sourceTree = "<group>"; };
		9065C05E279F3A1B00A72A11 /* Info.plist */ = {isa = PBXFileReference; lastKnownFileType = text.plist.xml; path = Info.plist; sourceTree = "<group>"; };
		9065C06E279F3AF800A72A11 /* WeatherAssembly.swift */ = {isa = PBXFileReference; lastKnownFileType = sourcecode.swift; path = WeatherAssembly.swift; sourceTree = "<group>"; };
		9065C070279F3B2000A72A11 /* WeatherViewController.swift */ = {isa = PBXFileReference; lastKnownFileType = sourcecode.swift; path = WeatherViewController.swift; sourceTree = "<group>"; };
		9065C074279F3B7600A72A11 /* WeatherPresenter.swift */ = {isa = PBXFileReference; lastKnownFileType = sourcecode.swift; path = WeatherPresenter.swift; sourceTree = "<group>"; };
		9065C076279F3B9A00A72A11 /* WeatherPresenterImp.swift */ = {isa = PBXFileReference; lastKnownFileType = sourcecode.swift; path = WeatherPresenterImp.swift; sourceTree = "<group>"; };
		9065C078279F3C6400A72A11 /* WeatherInteractor.swift */ = {isa = PBXFileReference; lastKnownFileType = sourcecode.swift; path = WeatherInteractor.swift; sourceTree = "<group>"; };
		9065C07A279F3CB700A72A11 /* WeatherInteractorImp.swift */ = {isa = PBXFileReference; lastKnownFileType = sourcecode.swift; path = WeatherInteractorImp.swift; sourceTree = "<group>"; };
		9065C07E279F3D3100A72A11 /* GeoModel.swift */ = {isa = PBXFileReference; lastKnownFileType = sourcecode.swift; path = GeoModel.swift; sourceTree = "<group>"; };
		9065C082279F3FCD00A72A11 /* WeatherService.swift */ = {isa = PBXFileReference; lastKnownFileType = sourcecode.swift; path = WeatherService.swift; sourceTree = "<group>"; };
		9065C084279F3FE300A72A11 /* WeatherServiceImp.swift */ = {isa = PBXFileReference; lastKnownFileType = sourcecode.swift; path = WeatherServiceImp.swift; sourceTree = "<group>"; };
		9065C086279F412500A72A11 /* WeatherRawEntity.swift */ = {isa = PBXFileReference; lastKnownFileType = sourcecode.swift; path = WeatherRawEntity.swift; sourceTree = "<group>"; };
		9065C089279F419100A72A11 /* OWAPIEnum.swift */ = {isa = PBXFileReference; lastKnownFileType = sourcecode.swift; path = OWAPIEnum.swift; sourceTree = "<group>"; };
		9065C08B279F41A800A72A11 /* QueryItemEnum.swift */ = {isa = PBXFileReference; lastKnownFileType = sourcecode.swift; path = QueryItemEnum.swift; sourceTree = "<group>"; };
		9065C08F279F429500A72A11 /* LocationService.swift */ = {isa = PBXFileReference; lastKnownFileType = sourcecode.swift; path = LocationService.swift; sourceTree = "<group>"; };
		9065C091279F429C00A72A11 /* LocationServiceImp.swift */ = {isa = PBXFileReference; lastKnownFileType = sourcecode.swift; path = LocationServiceImp.swift; sourceTree = "<group>"; };
		9065C094279F435A00A72A11 /* StorageService.swift */ = {isa = PBXFileReference; lastKnownFileType = sourcecode.swift; path = StorageService.swift; sourceTree = "<group>"; };
		9065C096279F436100A72A11 /* StorageServiceImp.swift */ = {isa = PBXFileReference; lastKnownFileType = sourcecode.swift; path = StorageServiceImp.swift; sourceTree = "<group>"; };
		9065C098279F478300A72A11 /* WeatherCustomEntity.swift */ = {isa = PBXFileReference; lastKnownFileType = sourcecode.swift; path = WeatherCustomEntity.swift; sourceTree = "<group>"; };
		9065C09A279F47B400A72A11 /* StorageEnum.swift */ = {isa = PBXFileReference; lastKnownFileType = sourcecode.swift; path = StorageEnum.swift; sourceTree = "<group>"; };
		9065C09C279F4D1400A72A11 /* WeatherView.storyboard */ = {isa = PBXFileReference; fileEncoding = 4; lastKnownFileType = file.storyboard; path = WeatherView.storyboard; sourceTree = "<group>"; };
		908A0CCF27A0A1BD00E44F86 /* FavoritesView.storyboard */ = {isa = PBXFileReference; fileEncoding = 4; lastKnownFileType = file.storyboard; path = FavoritesView.storyboard; sourceTree = "<group>"; };
		908A0CD127A0A22B00E44F86 /* FavoritesViewController.swift */ = {isa = PBXFileReference; lastKnownFileType = sourcecode.swift; path = FavoritesViewController.swift; sourceTree = "<group>"; };
		908A0CD627A0A50C00E44F86 /* CityCell.xib */ = {isa = PBXFileReference; lastKnownFileType = file.xib; path = CityCell.xib; sourceTree = "<group>"; };
		908A0CD827A0A52500E44F86 /* CityCell.swift */ = {isa = PBXFileReference; lastKnownFileType = sourcecode.swift; path = CityCell.swift; sourceTree = "<group>"; };
		908A0CDA27A0AEE600E44F86 /* FavoritesPresenter.swift */ = {isa = PBXFileReference; lastKnownFileType = sourcecode.swift; path = FavoritesPresenter.swift; sourceTree = "<group>"; };
		908A0CDC27A0AEFF00E44F86 /* FavoritesPresenterImp.swift */ = {isa = PBXFileReference; lastKnownFileType = sourcecode.swift; path = FavoritesPresenterImp.swift; sourceTree = "<group>"; };
		908A0CE627A0B7B900E44F86 /* FavoritesAssembly.swift */ = {isa = PBXFileReference; lastKnownFileType = sourcecode.swift; path = FavoritesAssembly.swift; sourceTree = "<group>"; };
		908A0CE827A0B7D100E44F86 /* FavoritesInteractor.swift */ = {isa = PBXFileReference; lastKnownFileType = sourcecode.swift; path = FavoritesInteractor.swift; sourceTree = "<group>"; };
		908A0CEA27A0B7F000E44F86 /* FavoritesInteractorImp.swift */ = {isa = PBXFileReference; lastKnownFileType = sourcecode.swift; path = FavoritesInteractorImp.swift; sourceTree = "<group>"; };
		908A0CF227A0B98100E44F86 /* FavoritesRouter.swift */ = {isa = PBXFileReference; lastKnownFileType = sourcecode.swift; path = FavoritesRouter.swift; sourceTree = "<group>"; };
		908A0CF427A0B98A00E44F86 /* FavoritesRouterImp.swift */ = {isa = PBXFileReference; lastKnownFileType = sourcecode.swift; path = FavoritesRouterImp.swift; sourceTree = "<group>"; };
		908A0CF627A0C12900E44F86 /* FavoritesEntity.swift */ = {isa = PBXFileReference; lastKnownFileType = sourcecode.swift; path = FavoritesEntity.swift; sourceTree = "<group>"; };
		908A0CF827A0E16C00E44F86 /* Module.swift */ = {isa = PBXFileReference; lastKnownFileType = sourcecode.swift; path = Module.swift; sourceTree = "<group>"; };
		908A0CFA27A10ABA00E44F86 /* WeatherPresentationController.swift */ = {isa = PBXFileReference; lastKnownFileType = sourcecode.swift; path = WeatherPresentationController.swift; sourceTree = "<group>"; };
		908A0CFC27A1188200E44F86 /* RawFavoritesModel.swift */ = {isa = PBXFileReference; lastKnownFileType = sourcecode.swift; path = RawFavoritesModel.swift; sourceTree = "<group>"; };
		908A0CFE27A118A500E44F86 /* CustomFavoritesModel.swift */ = {isa = PBXFileReference; lastKnownFileType = sourcecode.swift; path = CustomFavoritesModel.swift; sourceTree = "<group>"; };
		90B03A4927B075540079E52E /* DateFormatterServiceTest.swift */ = {isa = PBXFileReference; lastKnownFileType = sourcecode.swift; path = DateFormatterServiceTest.swift; sourceTree = "<group>"; };
		90B03A4C27B07A540079E52E /* BackgroundServiceTest.swift */ = {isa = PBXFileReference; lastKnownFileType = sourcecode.swift; path = BackgroundServiceTest.swift; sourceTree = "<group>"; };
		90B139EF27A23B2E006495CB /* UIView + extensions.swift */ = {isa = PBXFileReference; lastKnownFileType = sourcecode.swift; path = "UIView + extensions.swift"; sourceTree = "<group>"; };
		90B139F227A26C8D006495CB /* BackgroundService.swift */ = {isa = PBXFileReference; lastKnownFileType = sourcecode.swift; path = BackgroundService.swift; sourceTree = "<group>"; };
		90B139F427A26C99006495CB /* BackgroundServiceImp.swift */ = {isa = PBXFileReference; lastKnownFileType = sourcecode.swift; path = BackgroundServiceImp.swift; sourceTree = "<group>"; };
		90B139F727A273D8006495CB /* Rain.sks */ = {isa = PBXFileReference; lastKnownFileType = file.sks; path = Rain.sks; sourceTree = "<group>"; };
		90B139F827A273D8006495CB /* Assets.xcassets */ = {isa = PBXFileReference; lastKnownFileType = folder.assetcatalog; path = Assets.xcassets; sourceTree = "<group>"; };
		90C31D6227A50A9300EA0E14 /* Snow.sks */ = {isa = PBXFileReference; lastKnownFileType = file.sks; path = Snow.sks; sourceTree = "<group>"; };
		90C31D6427A50BA700EA0E14 /* Fog.sks */ = {isa = PBXFileReference; lastKnownFileType = file.sks; path = Fog.sks; sourceTree = "<group>"; };
		90C31D6627A50FC100EA0E14 /* Clouds.sks */ = {isa = PBXFileReference; lastKnownFileType = file.sks; path = Clouds.sks; sourceTree = "<group>"; };
		90C31D6827A5132A00EA0E14 /* Sun.sks */ = {isa = PBXFileReference; lastKnownFileType = file.sks; path = Sun.sks; sourceTree = "<group>"; };
		90C31D6C27A5176000EA0E14 /* Stars.sks */ = {isa = PBXFileReference; lastKnownFileType = file.sks; path = Stars.sks; sourceTree = "<group>"; };
		90C56DEB27A6E97100D60C99 /* UIColor + extensions.swift */ = {isa = PBXFileReference; lastKnownFileType = sourcecode.swift; path = "UIColor + extensions.swift"; sourceTree = "<group>"; };
		90C56DED27A6FF2C00D60C99 /* SKTexture + extensions.swift */ = {isa = PBXFileReference; lastKnownFileType = sourcecode.swift; path = "SKTexture + extensions.swift"; sourceTree = "<group>"; };
		90C56DEF27A745B800D60C99 /* CellsAnimationModel.swift */ = {isa = PBXFileReference; lastKnownFileType = sourcecode.swift; path = CellsAnimationModel.swift; sourceTree = "<group>"; };
		90C56DF927A7657500D60C99 /* AlertService.swift */ = {isa = PBXFileReference; lastKnownFileType = sourcecode.swift; path = AlertService.swift; sourceTree = "<group>"; };
		90C56DFB27A765CC00D60C99 /* AlertServiceImp.swift */ = {isa = PBXFileReference; lastKnownFileType = sourcecode.swift; path = AlertServiceImp.swift; sourceTree = "<group>"; };
		90D0769E27A8074D00EB235C /* weatherAppDB.xcdatamodel */ = {isa = PBXFileReference; lastKnownFileType = wrapper.xcdatamodel; path = weatherAppDB.xcdatamodel; sourceTree = "<group>"; };
		90D076AE27A820EA00EB235C /* iOSWeatherAppTests.xctest */ = {isa = PBXFileReference; explicitFileType = wrapper.cfbundle; includeInIndex = 0; path = iOSWeatherAppTests.xctest; sourceTree = BUILT_PRODUCTS_DIR; };
		90D076B027A820EA00EB235C /* iOSWeatherAppTests.swift */ = {isa = PBXFileReference; lastKnownFileType = sourcecode.swift; path = iOSWeatherAppTests.swift; sourceTree = "<group>"; };
		90D076B927A8213600EB235C /* WeatherServiceTest.swift */ = {isa = PBXFileReference; lastKnownFileType = sourcecode.swift; path = WeatherServiceTest.swift; sourceTree = "<group>"; };
		90D076BF27A8417600EB235C /* StorageServiceTest.swift */ = {isa = PBXFileReference; lastKnownFileType = sourcecode.swift; path = StorageServiceTest.swift; sourceTree = "<group>"; };
		90F05A4E279F722100B5D8BB /* HourlyForecastCell.swift */ = {isa = PBXFileReference; fileEncoding = 4; lastKnownFileType = sourcecode.swift; path = HourlyForecastCell.swift; sourceTree = "<group>"; };
		90F05A4F279F722100B5D8BB /* HourlyForecastCell.xib */ = {isa = PBXFileReference; fileEncoding = 4; lastKnownFileType = file.xib; path = HourlyForecastCell.xib; sourceTree = "<group>"; };
		90F05A51279F722100B5D8BB /* DailyForecastCell.xib */ = {isa = PBXFileReference; fileEncoding = 4; lastKnownFileType = file.xib; path = DailyForecastCell.xib; sourceTree = "<group>"; };
		90F05A52279F722100B5D8BB /* DailyForecastCell.swift */ = {isa = PBXFileReference; fileEncoding = 4; lastKnownFileType = sourcecode.swift; path = DailyForecastCell.swift; sourceTree = "<group>"; };
		90F05A57279F725200B5D8BB /* DesignModel.swift */ = {isa = PBXFileReference; lastKnownFileType = sourcecode.swift; path = DesignModel.swift; sourceTree = "<group>"; };
		90F05A5A279F72EE00B5D8BB /* DateFormatterService.swift */ = {isa = PBXFileReference; lastKnownFileType = sourcecode.swift; path = DateFormatterService.swift; sourceTree = "<group>"; };
		90F05A5C279F730000B5D8BB /* DateFormatterServiceImp.swift */ = {isa = PBXFileReference; lastKnownFileType = sourcecode.swift; path = DateFormatterServiceImp.swift; sourceTree = "<group>"; };
		90F05A5F279F741700B5D8BB /* StringProtocol + extensions.swift */ = {isa = PBXFileReference; lastKnownFileType = sourcecode.swift; path = "StringProtocol + extensions.swift"; sourceTree = "<group>"; };
/* End PBXFileReference section */

/* Begin PBXFrameworksBuildPhase section */
		9065C04A279F3A1B00A72A11 /* Frameworks */ = {
			isa = PBXFrameworksBuildPhase;
			buildActionMask = 2147483647;
			files = (
			);
			runOnlyForDeploymentPostprocessing = 0;
		};
		90D076AB27A820EA00EB235C /* Frameworks */ = {
			isa = PBXFrameworksBuildPhase;
			buildActionMask = 2147483647;
			files = (
			);
			runOnlyForDeploymentPostprocessing = 0;
		};
/* End PBXFrameworksBuildPhase section */

/* Begin PBXGroup section */
		903664C2279FBA5700618612 /* FavoritesModule */ = {
			isa = PBXGroup;
			children = (
				903664C8279FBA8100618612 /* Assembly */,
				903664C7279FBA7D00618612 /* View */,
				903664C6279FBA7600618612 /* Interactor */,
				903664C5279FBA6F00618612 /* Presenter */,
				903664C4279FBA6900618612 /* Entity */,
				903664C3279FBA6200618612 /* Router */,
			);
			path = FavoritesModule;
			sourceTree = "<group>";
		};
		903664C3279FBA6200618612 /* Router */ = {
			isa = PBXGroup;
			children = (
				908A0CF227A0B98100E44F86 /* FavoritesRouter.swift */,
				908A0CF427A0B98A00E44F86 /* FavoritesRouterImp.swift */,
			);
			path = Router;
			sourceTree = "<group>";
		};
		903664C4279FBA6900618612 /* Entity */ = {
			isa = PBXGroup;
			children = (
				908A0CF627A0C12900E44F86 /* FavoritesEntity.swift */,
				908A0CFC27A1188200E44F86 /* RawFavoritesModel.swift */,
				908A0CFE27A118A500E44F86 /* CustomFavoritesModel.swift */,
			);
			path = Entity;
			sourceTree = "<group>";
		};
		903664C5279FBA6F00618612 /* Presenter */ = {
			isa = PBXGroup;
			children = (
				908A0CDA27A0AEE600E44F86 /* FavoritesPresenter.swift */,
				908A0CDC27A0AEFF00E44F86 /* FavoritesPresenterImp.swift */,
			);
			path = Presenter;
			sourceTree = "<group>";
		};
		903664C6279FBA7600618612 /* Interactor */ = {
			isa = PBXGroup;
			children = (
				908A0CE827A0B7D100E44F86 /* FavoritesInteractor.swift */,
				908A0CEA27A0B7F000E44F86 /* FavoritesInteractorImp.swift */,
			);
			path = Interactor;
			sourceTree = "<group>";
		};
		903664C7279FBA7D00618612 /* View */ = {
			isa = PBXGroup;
			children = (
				908A0CD327A0A3A200E44F86 /* Xibs */,
				908A0CCF27A0A1BD00E44F86 /* FavoritesView.storyboard */,
				908A0CD127A0A22B00E44F86 /* FavoritesViewController.swift */,
			);
			path = View;
			sourceTree = "<group>";
		};
		903664C8279FBA8100618612 /* Assembly */ = {
			isa = PBXGroup;
			children = (
				908A0CE627A0B7B900E44F86 /* FavoritesAssembly.swift */,
			);
			path = Assembly;
			sourceTree = "<group>";
		};
		9065C044279F3A1B00A72A11 = {
			isa = PBXGroup;
			children = (
				9065C04F279F3A1B00A72A11 /* iOSWeatherApp */,
				90D076AF27A820EA00EB235C /* iOSWeatherAppTests */,
				9065C04E279F3A1B00A72A11 /* Products */,
			);
			sourceTree = "<group>";
		};
		9065C04E279F3A1B00A72A11 /* Products */ = {
			isa = PBXGroup;
			children = (
				9065C04D279F3A1B00A72A11 /* iOSWeatherApp.app */,
				90D076AE27A820EA00EB235C /* iOSWeatherAppTests.xctest */,
			);
			name = Products;
			sourceTree = "<group>";
		};
		9065C04F279F3A1B00A72A11 /* iOSWeatherApp */ = {
			isa = PBXGroup;
			children = (
				9065C07C279F3D2100A72A11 /* Business Layer */,
				9065C06D279F3AB300A72A11 /* ApplicationLayer */,
				9065C064279F3A4700A72A11 /* PresentationLayer */,
				9065C054279F3A1B00A72A11 /* RootViewController.swift */,
				9065C059279F3A1B00A72A11 /* Assets.xcassets */,
				9065C05B279F3A1B00A72A11 /* LaunchScreen.storyboard */,
				9065C05E279F3A1B00A72A11 /* Info.plist */,
			);
			path = iOSWeatherApp;
			sourceTree = "<group>";
		};
		9065C064279F3A4700A72A11 /* PresentationLayer */ = {
			isa = PBXGroup;
			children = (
				90F05A5E279F740500B5D8BB /* Extensions */,
				9065C080279F3FB200A72A11 /* Services */,
				9065C065279F3A4E00A72A11 /* Modules */,
			);
			path = PresentationLayer;
			sourceTree = "<group>";
		};
		9065C065279F3A4E00A72A11 /* Modules */ = {
			isa = PBXGroup;
			children = (
				908A0CF827A0E16C00E44F86 /* Module.swift */,
				903664C2279FBA5700618612 /* FavoritesModule */,
				9065C066279F3A5800A72A11 /* WeatherModule */,
			);
			path = Modules;
			sourceTree = "<group>";
		};
		9065C066279F3A5800A72A11 /* WeatherModule */ = {
			isa = PBXGroup;
			children = (
				9065C06C279F3A8A00A72A11 /* Assembly */,
				9065C06B279F3A8400A72A11 /* View */,
				9065C06A279F3A7D00A72A11 /* Interactor */,
				9065C069279F3A7700A72A11 /* Presenter */,
				9065C068279F3A6F00A72A11 /* Entity */,
				9065C067279F3A6100A72A11 /* Router */,
			);
			path = WeatherModule;
			sourceTree = "<group>";
		};
		9065C067279F3A6100A72A11 /* Router */ = {
			isa = PBXGroup;
			children = (
				903664BE279FB4AC00618612 /* WeatherRouter.swift */,
				903664C0279FB4B300618612 /* WeatherRouterImp.swift */,
			);
			path = Router;
			sourceTree = "<group>";
		};
		9065C068279F3A6F00A72A11 /* Entity */ = {
			isa = PBXGroup;
			children = (
				9065C086279F412500A72A11 /* WeatherRawEntity.swift */,
				9065C098279F478300A72A11 /* WeatherCustomEntity.swift */,
			);
			path = Entity;
			sourceTree = "<group>";
		};
		9065C069279F3A7700A72A11 /* Presenter */ = {
			isa = PBXGroup;
			children = (
				9065C074279F3B7600A72A11 /* WeatherPresenter.swift */,
				9065C076279F3B9A00A72A11 /* WeatherPresenterImp.swift */,
			);
			path = Presenter;
			sourceTree = "<group>";
		};
		9065C06A279F3A7D00A72A11 /* Interactor */ = {
			isa = PBXGroup;
			children = (
				9065C078279F3C6400A72A11 /* WeatherInteractor.swift */,
				9065C07A279F3CB700A72A11 /* WeatherInteractorImp.swift */,
			);
			path = Interactor;
			sourceTree = "<group>";
		};
		9065C06B279F3A8400A72A11 /* View */ = {
			isa = PBXGroup;
			children = (
				90F05A4C279F722100B5D8BB /* Xibs */,
				9065C09C279F4D1400A72A11 /* WeatherView.storyboard */,
				9065C070279F3B2000A72A11 /* WeatherViewController.swift */,
				908A0CFA27A10ABA00E44F86 /* WeatherPresentationController.swift */,
			);
			path = View;
			sourceTree = "<group>";
		};
		9065C06C279F3A8A00A72A11 /* Assembly */ = {
			isa = PBXGroup;
			children = (
				9065C06E279F3AF800A72A11 /* WeatherAssembly.swift */,
			);
			path = Assembly;
			sourceTree = "<group>";
		};
		9065C06D279F3AB300A72A11 /* ApplicationLayer */ = {
			isa = PBXGroup;
			children = (
				9065C050279F3A1B00A72A11 /* AppDelegate.swift */,
			);
			path = ApplicationLayer;
			sourceTree = "<group>";
		};
		9065C07C279F3D2100A72A11 /* Business Layer */ = {
			isa = PBXGroup;
			children = (
				9065C07D279F3D2600A72A11 /* Models */,
			);
			path = "Business Layer";
			sourceTree = "<group>";
		};
		9065C07D279F3D2600A72A11 /* Models */ = {
			isa = PBXGroup;
			children = (
				90C31D5D27A4F8FC00EA0E14 /* Enums */,
				9065C07E279F3D3100A72A11 /* GeoModel.swift */,
				90F05A57279F725200B5D8BB /* DesignModel.swift */,
				90C56DEF27A745B800D60C99 /* CellsAnimationModel.swift */,
				90D0769D27A8074D00EB235C /* iOSWeatherAppDB.xcdatamodeld */,
			);
			path = Models;
			sourceTree = "<group>";
		};
		9065C080279F3FB200A72A11 /* Services */ = {
			isa = PBXGroup;
			children = (
				90C56DF827A7655E00D60C99 /* AlertService */,
				90B139F127A26C59006495CB /* BackgroundService */,
				90F05A59279F72D600B5D8BB /* DateFormatterService */,
				9065C093279F435400A72A11 /* StorageService */,
				9065C08D279F428500A72A11 /* LocationService */,
				9065C081279F3FBB00A72A11 /* WeatherService */,
			);
			path = Services;
			sourceTree = "<group>";
		};
		9065C081279F3FBB00A72A11 /* WeatherService */ = {
			isa = PBXGroup;
			children = (
				9065C082279F3FCD00A72A11 /* WeatherService.swift */,
				9065C084279F3FE300A72A11 /* WeatherServiceImp.swift */,
			);
			path = WeatherService;
			sourceTree = "<group>";
		};
		9065C08D279F428500A72A11 /* LocationService */ = {
			isa = PBXGroup;
			children = (
				9065C08F279F429500A72A11 /* LocationService.swift */,
				9065C091279F429C00A72A11 /* LocationServiceImp.swift */,
			);
			path = LocationService;
			sourceTree = "<group>";
		};
		9065C093279F435400A72A11 /* StorageService */ = {
			isa = PBXGroup;
			children = (
				9065C094279F435A00A72A11 /* StorageService.swift */,
				9065C096279F436100A72A11 /* StorageServiceImp.swift */,
			);
			path = StorageService;
			sourceTree = "<group>";
		};
		908A0CD327A0A3A200E44F86 /* Xibs */ = {
			isa = PBXGroup;
			children = (
				908A0CDE27A0B05600E44F86 /* CityCell */,
			);
			path = Xibs;
			sourceTree = "<group>";
		};
		908A0CDE27A0B05600E44F86 /* CityCell */ = {
			isa = PBXGroup;
			children = (
				908A0CD627A0A50C00E44F86 /* CityCell.xib */,
				908A0CD827A0A52500E44F86 /* CityCell.swift */,
			);
			path = CityCell;
			sourceTree = "<group>";
		};
		90B03A4827B0754A0079E52E /* DateFormatterServiceTest */ = {
			isa = PBXGroup;
			children = (
				90B03A4927B075540079E52E /* DateFormatterServiceTest.swift */,
			);
			path = DateFormatterServiceTest;
			sourceTree = "<group>";
		};
		90B03A4B27B07A4A0079E52E /* BackgroundServiceTest */ = {
			isa = PBXGroup;
			children = (
				90B03A4C27B07A540079E52E /* BackgroundServiceTest.swift */,
			);
			path = BackgroundServiceTest;
			sourceTree = "<group>";
		};
		90B139F127A26C59006495CB /* BackgroundService */ = {
			isa = PBXGroup;
			children = (
				90B139F627A27394006495CB /* SpriteKit Nodes */,
				90B139F227A26C8D006495CB /* BackgroundService.swift */,
				90B139F427A26C99006495CB /* BackgroundServiceImp.swift */,
			);
			path = BackgroundService;
			sourceTree = "<group>";
		};
		90B139F627A27394006495CB /* SpriteKit Nodes */ = {
			isa = PBXGroup;
			children = (
				90C31D6627A50FC100EA0E14 /* Clouds.sks */,
				90C31D6427A50BA700EA0E14 /* Fog.sks */,
				90C31D6827A5132A00EA0E14 /* Sun.sks */,
				90B139F727A273D8006495CB /* Rain.sks */,
				90C31D6C27A5176000EA0E14 /* Stars.sks */,
				90C31D6227A50A9300EA0E14 /* Snow.sks */,
				90B139F827A273D8006495CB /* Assets.xcassets */,
			);
			path = "SpriteKit Nodes";
			sourceTree = "<group>";
		};
		90C31D5D27A4F8FC00EA0E14 /* Enums */ = {
			isa = PBXGroup;
			children = (
				9065C089279F419100A72A11 /* OWAPIEnum.swift */,
				9065C08B279F41A800A72A11 /* QueryItemEnum.swift */,
				9065C09A279F47B400A72A11 /* StorageEnum.swift */,
			);
			path = Enums;
			sourceTree = "<group>";
		};
		90C56DF827A7655E00D60C99 /* AlertService */ = {
			isa = PBXGroup;
			children = (
				90C56DF927A7657500D60C99 /* AlertService.swift */,
				90C56DFB27A765CC00D60C99 /* AlertServiceImp.swift */,
			);
			path = AlertService;
			sourceTree = "<group>";
		};
		90D076AF27A820EA00EB235C /* iOSWeatherAppTests */ = {
			isa = PBXGroup;
			children = (
				90D076B727A8210800EB235C /* ServicesTest */,
				90D076B027A820EA00EB235C /* iOSWeatherAppTests.swift */,
			);
			path = iOSWeatherAppTests;
			sourceTree = "<group>";
		};
		90D076B727A8210800EB235C /* ServicesTest */ = {
			isa = PBXGroup;
			children = (
				90B03A4B27B07A4A0079E52E /* BackgroundServiceTest */,
				90B03A4827B0754A0079E52E /* DateFormatterServiceTest */,
				90D076BE27A8415300EB235C /* StorageServiceTest */,
				90D076B827A8211400EB235C /* WeatherServiceTest */,
			);
			path = ServicesTest;
			sourceTree = "<group>";
		};
		90D076B827A8211400EB235C /* WeatherServiceTest */ = {
			isa = PBXGroup;
			children = (
				90D076B927A8213600EB235C /* WeatherServiceTest.swift */,
			);
			path = WeatherServiceTest;
			sourceTree = "<group>";
		};
		90D076BE27A8415300EB235C /* StorageServiceTest */ = {
			isa = PBXGroup;
			children = (
				90D076BF27A8417600EB235C /* StorageServiceTest.swift */,
			);
			path = StorageServiceTest;
			sourceTree = "<group>";
		};
		90F05A4C279F722100B5D8BB /* Xibs */ = {
			isa = PBXGroup;
			children = (
				90F05A4D279F722100B5D8BB /* HourlyForecastCell */,
				90F05A50279F722100B5D8BB /* DailyForecastCell */,
			);
			path = Xibs;
			sourceTree = "<group>";
		};
		90F05A4D279F722100B5D8BB /* HourlyForecastCell */ = {
			isa = PBXGroup;
			children = (
				90F05A4E279F722100B5D8BB /* HourlyForecastCell.swift */,
				90F05A4F279F722100B5D8BB /* HourlyForecastCell.xib */,
			);
			path = HourlyForecastCell;
			sourceTree = "<group>";
		};
		90F05A50279F722100B5D8BB /* DailyForecastCell */ = {
			isa = PBXGroup;
			children = (
				90F05A51279F722100B5D8BB /* DailyForecastCell.xib */,
				90F05A52279F722100B5D8BB /* DailyForecastCell.swift */,
			);
			path = DailyForecastCell;
			sourceTree = "<group>";
		};
		90F05A59279F72D600B5D8BB /* DateFormatterService */ = {
			isa = PBXGroup;
			children = (
				90F05A5A279F72EE00B5D8BB /* DateFormatterService.swift */,
				90F05A5C279F730000B5D8BB /* DateFormatterServiceImp.swift */,
			);
			path = DateFormatterService;
			sourceTree = "<group>";
		};
		90F05A5E279F740500B5D8BB /* Extensions */ = {
			isa = PBXGroup;
			children = (
				90F05A5F279F741700B5D8BB /* StringProtocol + extensions.swift */,
				90B139EF27A23B2E006495CB /* UIView + extensions.swift */,
				90C56DEB27A6E97100D60C99 /* UIColor + extensions.swift */,
				90C56DED27A6FF2C00D60C99 /* SKTexture + extensions.swift */,
			);
			path = Extensions;
			sourceTree = "<group>";
		};
/* End PBXGroup section */

/* Begin PBXNativeTarget section */
		9065C04C279F3A1B00A72A11 /* iOSWeatherApp */ = {
			isa = PBXNativeTarget;
			buildConfigurationList = 9065C061279F3A1B00A72A11 /* Build configuration list for PBXNativeTarget "iOSWeatherApp" */;
			buildPhases = (
				9065C049279F3A1B00A72A11 /* Sources */,
				9065C04A279F3A1B00A72A11 /* Frameworks */,
				9065C04B279F3A1B00A72A11 /* Resources */,
			);
			buildRules = (
			);
			dependencies = (
			);
			name = iOSWeatherApp;
			productName = iOSWeatherApp;
			productReference = 9065C04D279F3A1B00A72A11 /* iOSWeatherApp.app */;
			productType = "com.apple.product-type.application";
		};
		90D076AD27A820EA00EB235C /* iOSWeatherAppTests */ = {
			isa = PBXNativeTarget;
			buildConfigurationList = 90D076B427A820EA00EB235C /* Build configuration list for PBXNativeTarget "iOSWeatherAppTests" */;
			buildPhases = (
				90D076AA27A820EA00EB235C /* Sources */,
				90D076AB27A820EA00EB235C /* Frameworks */,
				90D076AC27A820EA00EB235C /* Resources */,
			);
			buildRules = (
			);
			dependencies = (
				90D076B327A820EA00EB235C /* PBXTargetDependency */,
			);
			name = iOSWeatherAppTests;
			productName = iOSWeatherAppTests;
			productReference = 90D076AE27A820EA00EB235C /* iOSWeatherAppTests.xctest */;
			productType = "com.apple.product-type.bundle.unit-test";
		};
/* End PBXNativeTarget section */

/* Begin PBXProject section */
		9065C045279F3A1B00A72A11 /* Project object */ = {
			isa = PBXProject;
			attributes = {
				BuildIndependentTargetsInParallel = 1;
				LastSwiftUpdateCheck = 1320;
				LastUpgradeCheck = 1320;
				TargetAttributes = {
					9065C04C279F3A1B00A72A11 = {
						CreatedOnToolsVersion = 13.2.1;
					};
					90D076AD27A820EA00EB235C = {
						CreatedOnToolsVersion = 13.2.1;
						TestTargetID = 9065C04C279F3A1B00A72A11;
					};
				};
			};
			buildConfigurationList = 9065C048279F3A1B00A72A11 /* Build configuration list for PBXProject "iOSWeatherApp" */;
			compatibilityVersion = "Xcode 13.0";
			developmentRegion = en;
			hasScannedForEncodings = 0;
			knownRegions = (
				en,
				Base,
			);
			mainGroup = 9065C044279F3A1B00A72A11;
			productRefGroup = 9065C04E279F3A1B00A72A11 /* Products */;
			projectDirPath = "";
			projectRoot = "";
			targets = (
				9065C04C279F3A1B00A72A11 /* iOSWeatherApp */,
				90D076AD27A820EA00EB235C /* iOSWeatherAppTests */,
			);
		};
/* End PBXProject section */

/* Begin PBXResourcesBuildPhase section */
		9065C04B279F3A1B00A72A11 /* Resources */ = {
			isa = PBXResourcesBuildPhase;
			buildActionMask = 2147483647;
			files = (
				9065C05D279F3A1B00A72A11 /* LaunchScreen.storyboard in Resources */,
				90B139F927A273D8006495CB /* Rain.sks in Resources */,
				908A0CD727A0A50C00E44F86 /* CityCell.xib in Resources */,
				90F05A54279F722100B5D8BB /* HourlyForecastCell.xib in Resources */,
				9065C09D279F4D1400A72A11 /* WeatherView.storyboard in Resources */,
				90C31D6527A50BA700EA0E14 /* Fog.sks in Resources */,
				90F05A55279F722100B5D8BB /* DailyForecastCell.xib in Resources */,
				9065C05A279F3A1B00A72A11 /* Assets.xcassets in Resources */,
				90B139FA27A273D8006495CB /* Assets.xcassets in Resources */,
				90C31D6D27A5176000EA0E14 /* Stars.sks in Resources */,
				90C31D6327A50A9300EA0E14 /* Snow.sks in Resources */,
				90C31D6927A5132A00EA0E14 /* Sun.sks in Resources */,
				908A0CD027A0A1BD00E44F86 /* FavoritesView.storyboard in Resources */,
				90C31D6727A50FC100EA0E14 /* Clouds.sks in Resources */,
			);
			runOnlyForDeploymentPostprocessing = 0;
		};
		90D076AC27A820EA00EB235C /* Resources */ = {
			isa = PBXResourcesBuildPhase;
			buildActionMask = 2147483647;
			files = (
			);
			runOnlyForDeploymentPostprocessing = 0;
		};
/* End PBXResourcesBuildPhase section */

/* Begin PBXSourcesBuildPhase section */
		9065C049279F3A1B00A72A11 /* Sources */ = {
			isa = PBXSourcesBuildPhase;
			buildActionMask = 2147483647;
			files = (
				908A0CEB27A0B7F000E44F86 /* FavoritesInteractorImp.swift in Sources */,
				9065C083279F3FCD00A72A11 /* WeatherService.swift in Sources */,
				9065C085279F3FE300A72A11 /* WeatherServiceImp.swift in Sources */,
				908A0CD927A0A52500E44F86 /* CityCell.swift in Sources */,
				9065C075279F3B7600A72A11 /* WeatherPresenter.swift in Sources */,
				90D0769F27A8074D00EB235C /* iOSWeatherAppDB.xcdatamodeld in Sources */,
				908A0CF327A0B98100E44F86 /* FavoritesRouter.swift in Sources */,
				908A0CFF27A118A500E44F86 /* CustomFavoritesModel.swift in Sources */,
				90B139F027A23B2E006495CB /* UIView + extensions.swift in Sources */,
				90C56DF027A745B800D60C99 /* CellsAnimationModel.swift in Sources */,
				9065C092279F429C00A72A11 /* LocationServiceImp.swift in Sources */,
				9065C055279F3A1B00A72A11 /* RootViewController.swift in Sources */,
				9065C087279F412500A72A11 /* WeatherRawEntity.swift in Sources */,
				90F05A56279F722100B5D8BB /* DailyForecastCell.swift in Sources */,
				908A0CDD27A0AEFF00E44F86 /* FavoritesPresenterImp.swift in Sources */,
				9065C09B279F47B400A72A11 /* StorageEnum.swift in Sources */,
				90F05A5B279F72EE00B5D8BB /* DateFormatterService.swift in Sources */,
				908A0CE927A0B7D100E44F86 /* FavoritesInteractor.swift in Sources */,
				9065C077279F3B9A00A72A11 /* WeatherPresenterImp.swift in Sources */,
				90F05A5D279F730000B5D8BB /* DateFormatterServiceImp.swift in Sources */,
				908A0CE727A0B7B900E44F86 /* FavoritesAssembly.swift in Sources */,
				908A0CF927A0E16C00E44F86 /* Module.swift in Sources */,
				908A0CF727A0C12900E44F86 /* FavoritesEntity.swift in Sources */,
				9065C071279F3B2000A72A11 /* WeatherViewController.swift in Sources */,
				9065C090279F429500A72A11 /* LocationService.swift in Sources */,
				9065C051279F3A1B00A72A11 /* AppDelegate.swift in Sources */,
				908A0CF527A0B98A00E44F86 /* FavoritesRouterImp.swift in Sources */,
				903664BF279FB4AC00618612 /* WeatherRouter.swift in Sources */,
				90F05A60279F741700B5D8BB /* StringProtocol + extensions.swift in Sources */,
				90B139F327A26C8D006495CB /* BackgroundService.swift in Sources */,
				908A0CFD27A1188300E44F86 /* RawFavoritesModel.swift in Sources */,
				90C56DEC27A6E97100D60C99 /* UIColor + extensions.swift in Sources */,
				90C56DFC27A765CC00D60C99 /* AlertServiceImp.swift in Sources */,
				903664C1279FB4B300618612 /* WeatherRouterImp.swift in Sources */,
				90B139F527A26C99006495CB /* BackgroundServiceImp.swift in Sources */,
				908A0CD227A0A22B00E44F86 /* FavoritesViewController.swift in Sources */,
				90F05A58279F725200B5D8BB /* DesignModel.swift in Sources */,
				9065C08A279F419100A72A11 /* OWAPIEnum.swift in Sources */,
				9065C08C279F41A800A72A11 /* QueryItemEnum.swift in Sources */,
				9065C095279F435A00A72A11 /* StorageService.swift in Sources */,
				9065C06F279F3AF800A72A11 /* WeatherAssembly.swift in Sources */,
				9065C097279F436100A72A11 /* StorageServiceImp.swift in Sources */,
				9065C07B279F3CB700A72A11 /* WeatherInteractorImp.swift in Sources */,
				90F05A53279F722100B5D8BB /* HourlyForecastCell.swift in Sources */,
				9065C079279F3C6400A72A11 /* WeatherInteractor.swift in Sources */,
				9065C099279F478300A72A11 /* WeatherCustomEntity.swift in Sources */,
				90C56DFA27A7657500D60C99 /* AlertService.swift in Sources */,
				90C56DEE27A6FF2C00D60C99 /* SKTexture + extensions.swift in Sources */,
				908A0CDB27A0AEE600E44F86 /* FavoritesPresenter.swift in Sources */,
				9065C07F279F3D3100A72A11 /* GeoModel.swift in Sources */,
				908A0CFB27A10ABA00E44F86 /* WeatherPresentationController.swift in Sources */,
			);
			runOnlyForDeploymentPostprocessing = 0;
		};
		90D076AA27A820EA00EB235C /* Sources */ = {
			isa = PBXSourcesBuildPhase;
			buildActionMask = 2147483647;
			files = (
				90B03A4A27B075540079E52E /* DateFormatterServiceTest.swift in Sources */,
				90D076C027A8417600EB235C /* StorageServiceTest.swift in Sources */,
				90B03A4D27B07A540079E52E /* BackgroundServiceTest.swift in Sources */,
				90D076BA27A8213600EB235C /* WeatherServiceTest.swift in Sources */,
				90D076B127A820EA00EB235C /* iOSWeatherAppTests.swift in Sources */,
			);
			runOnlyForDeploymentPostprocessing = 0;
		};
/* End PBXSourcesBuildPhase section */

/* Begin PBXTargetDependency section */
		90D076B327A820EA00EB235C /* PBXTargetDependency */ = {
			isa = PBXTargetDependency;
			target = 9065C04C279F3A1B00A72A11 /* iOSWeatherApp */;
			targetProxy = 90D076B227A820EA00EB235C /* PBXContainerItemProxy */;
		};
/* End PBXTargetDependency section */

/* Begin PBXVariantGroup section */
		9065C05B279F3A1B00A72A11 /* LaunchScreen.storyboard */ = {
			isa = PBXVariantGroup;
			children = (
				9065C05C279F3A1B00A72A11 /* Base */,
			);
			name = LaunchScreen.storyboard;
			sourceTree = "<group>";
		};
/* End PBXVariantGroup section */

/* Begin XCBuildConfiguration section */
		9065C05F279F3A1B00A72A11 /* Debug */ = {
			isa = XCBuildConfiguration;
			buildSettings = {
				ALWAYS_SEARCH_USER_PATHS = NO;
				CLANG_ANALYZER_NONNULL = YES;
				CLANG_ANALYZER_NUMBER_OBJECT_CONVERSION = YES_AGGRESSIVE;
				CLANG_CXX_LANGUAGE_STANDARD = "gnu++17";
				CLANG_CXX_LIBRARY = "libc++";
				CLANG_ENABLE_MODULES = YES;
				CLANG_ENABLE_OBJC_ARC = YES;
				CLANG_ENABLE_OBJC_WEAK = YES;
				CLANG_WARN_BLOCK_CAPTURE_AUTORELEASING = YES;
				CLANG_WARN_BOOL_CONVERSION = YES;
				CLANG_WARN_COMMA = YES;
				CLANG_WARN_CONSTANT_CONVERSION = YES;
				CLANG_WARN_DEPRECATED_OBJC_IMPLEMENTATIONS = YES;
				CLANG_WARN_DIRECT_OBJC_ISA_USAGE = YES_ERROR;
				CLANG_WARN_DOCUMENTATION_COMMENTS = YES;
				CLANG_WARN_EMPTY_BODY = YES;
				CLANG_WARN_ENUM_CONVERSION = YES;
				CLANG_WARN_INFINITE_RECURSION = YES;
				CLANG_WARN_INT_CONVERSION = YES;
				CLANG_WARN_NON_LITERAL_NULL_CONVERSION = YES;
				CLANG_WARN_OBJC_IMPLICIT_RETAIN_SELF = YES;
				CLANG_WARN_OBJC_LITERAL_CONVERSION = YES;
				CLANG_WARN_OBJC_ROOT_CLASS = YES_ERROR;
				CLANG_WARN_QUOTED_INCLUDE_IN_FRAMEWORK_HEADER = YES;
				CLANG_WARN_RANGE_LOOP_ANALYSIS = YES;
				CLANG_WARN_STRICT_PROTOTYPES = YES;
				CLANG_WARN_SUSPICIOUS_MOVE = YES;
				CLANG_WARN_UNGUARDED_AVAILABILITY = YES_AGGRESSIVE;
				CLANG_WARN_UNREACHABLE_CODE = YES;
				CLANG_WARN__DUPLICATE_METHOD_MATCH = YES;
				COPY_PHASE_STRIP = NO;
				DEBUG_INFORMATION_FORMAT = dwarf;
				ENABLE_STRICT_OBJC_MSGSEND = YES;
				ENABLE_TESTABILITY = YES;
				GCC_C_LANGUAGE_STANDARD = gnu11;
				GCC_DYNAMIC_NO_PIC = NO;
				GCC_NO_COMMON_BLOCKS = YES;
				GCC_OPTIMIZATION_LEVEL = 0;
				GCC_PREPROCESSOR_DEFINITIONS = (
					"DEBUG=1",
					"$(inherited)",
				);
				GCC_WARN_64_TO_32_BIT_CONVERSION = YES;
				GCC_WARN_ABOUT_RETURN_TYPE = YES_ERROR;
				GCC_WARN_UNDECLARED_SELECTOR = YES;
				GCC_WARN_UNINITIALIZED_AUTOS = YES_AGGRESSIVE;
				GCC_WARN_UNUSED_FUNCTION = YES;
				GCC_WARN_UNUSED_VARIABLE = YES;
				IPHONEOS_DEPLOYMENT_TARGET = 15.2;
				MTL_ENABLE_DEBUG_INFO = INCLUDE_SOURCE;
				MTL_FAST_MATH = YES;
				ONLY_ACTIVE_ARCH = YES;
				SDKROOT = iphoneos;
				SWIFT_ACTIVE_COMPILATION_CONDITIONS = DEBUG;
				SWIFT_OPTIMIZATION_LEVEL = "-Onone";
			};
			name = Debug;
		};
		9065C060279F3A1B00A72A11 /* Release */ = {
			isa = XCBuildConfiguration;
			buildSettings = {
				ALWAYS_SEARCH_USER_PATHS = NO;
				CLANG_ANALYZER_NONNULL = YES;
				CLANG_ANALYZER_NUMBER_OBJECT_CONVERSION = YES_AGGRESSIVE;
				CLANG_CXX_LANGUAGE_STANDARD = "gnu++17";
				CLANG_CXX_LIBRARY = "libc++";
				CLANG_ENABLE_MODULES = YES;
				CLANG_ENABLE_OBJC_ARC = YES;
				CLANG_ENABLE_OBJC_WEAK = YES;
				CLANG_WARN_BLOCK_CAPTURE_AUTORELEASING = YES;
				CLANG_WARN_BOOL_CONVERSION = YES;
				CLANG_WARN_COMMA = YES;
				CLANG_WARN_CONSTANT_CONVERSION = YES;
				CLANG_WARN_DEPRECATED_OBJC_IMPLEMENTATIONS = YES;
				CLANG_WARN_DIRECT_OBJC_ISA_USAGE = YES_ERROR;
				CLANG_WARN_DOCUMENTATION_COMMENTS = YES;
				CLANG_WARN_EMPTY_BODY = YES;
				CLANG_WARN_ENUM_CONVERSION = YES;
				CLANG_WARN_INFINITE_RECURSION = YES;
				CLANG_WARN_INT_CONVERSION = YES;
				CLANG_WARN_NON_LITERAL_NULL_CONVERSION = YES;
				CLANG_WARN_OBJC_IMPLICIT_RETAIN_SELF = YES;
				CLANG_WARN_OBJC_LITERAL_CONVERSION = YES;
				CLANG_WARN_OBJC_ROOT_CLASS = YES_ERROR;
				CLANG_WARN_QUOTED_INCLUDE_IN_FRAMEWORK_HEADER = YES;
				CLANG_WARN_RANGE_LOOP_ANALYSIS = YES;
				CLANG_WARN_STRICT_PROTOTYPES = YES;
				CLANG_WARN_SUSPICIOUS_MOVE = YES;
				CLANG_WARN_UNGUARDED_AVAILABILITY = YES_AGGRESSIVE;
				CLANG_WARN_UNREACHABLE_CODE = YES;
				CLANG_WARN__DUPLICATE_METHOD_MATCH = YES;
				COPY_PHASE_STRIP = NO;
				DEBUG_INFORMATION_FORMAT = "dwarf-with-dsym";
				ENABLE_NS_ASSERTIONS = NO;
				ENABLE_STRICT_OBJC_MSGSEND = YES;
				GCC_C_LANGUAGE_STANDARD = gnu11;
				GCC_NO_COMMON_BLOCKS = YES;
				GCC_WARN_64_TO_32_BIT_CONVERSION = YES;
				GCC_WARN_ABOUT_RETURN_TYPE = YES_ERROR;
				GCC_WARN_UNDECLARED_SELECTOR = YES;
				GCC_WARN_UNINITIALIZED_AUTOS = YES_AGGRESSIVE;
				GCC_WARN_UNUSED_FUNCTION = YES;
				GCC_WARN_UNUSED_VARIABLE = YES;
				IPHONEOS_DEPLOYMENT_TARGET = 15.2;
				MTL_ENABLE_DEBUG_INFO = NO;
				MTL_FAST_MATH = YES;
				SDKROOT = iphoneos;
				SWIFT_COMPILATION_MODE = wholemodule;
				SWIFT_OPTIMIZATION_LEVEL = "-O";
				VALIDATE_PRODUCT = YES;
			};
			name = Release;
		};
		9065C062279F3A1B00A72A11 /* Debug */ = {
			isa = XCBuildConfiguration;
			buildSettings = {
				ASSETCATALOG_COMPILER_APPICON_NAME = AppIcon;
				ASSETCATALOG_COMPILER_GLOBAL_ACCENT_COLOR_NAME = AccentColor;
				CODE_SIGN_STYLE = Automatic;
				CURRENT_PROJECT_VERSION = 1;
				DEVELOPMENT_TEAM = U5C6Y689FA;
				ENABLE_TESTING_SEARCH_PATHS = NO;
				GENERATE_INFOPLIST_FILE = YES;
				INFOPLIST_FILE = iOSWeatherApp/Info.plist;
				INFOPLIST_KEY_UIApplicationSupportsIndirectInputEvents = YES;
				INFOPLIST_KEY_UILaunchStoryboardName = LaunchScreen;
				INFOPLIST_KEY_UISupportedInterfaceOrientations_iPad = "UIInterfaceOrientationPortrait UIInterfaceOrientationPortraitUpsideDown UIInterfaceOrientationLandscapeLeft UIInterfaceOrientationLandscapeRight";
				INFOPLIST_KEY_UISupportedInterfaceOrientations_iPhone = "UIInterfaceOrientationPortrait UIInterfaceOrientationLandscapeLeft UIInterfaceOrientationLandscapeRight";
				LD_RUNPATH_SEARCH_PATHS = (
					"$(inherited)",
					"@executable_path/Frameworks",
				);
				MARKETING_VERSION = 1.0;
				PRODUCT_BUNDLE_IDENTIFIER = grafonsky.iOSWeatherApp;
				PRODUCT_NAME = "$(TARGET_NAME)";
				SWIFT_EMIT_LOC_STRINGS = YES;
				SWIFT_VERSION = 5.0;
				TARGETED_DEVICE_FAMILY = "1,2";
			};
			name = Debug;
		};
		9065C063279F3A1B00A72A11 /* Release */ = {
			isa = XCBuildConfiguration;
			buildSettings = {
				ASSETCATALOG_COMPILER_APPICON_NAME = AppIcon;
				ASSETCATALOG_COMPILER_GLOBAL_ACCENT_COLOR_NAME = AccentColor;
				CODE_SIGN_STYLE = Automatic;
				CURRENT_PROJECT_VERSION = 1;
				DEVELOPMENT_TEAM = U5C6Y689FA;
				ENABLE_TESTING_SEARCH_PATHS = NO;
				GENERATE_INFOPLIST_FILE = YES;
				INFOPLIST_FILE = iOSWeatherApp/Info.plist;
				INFOPLIST_KEY_UIApplicationSupportsIndirectInputEvents = YES;
				INFOPLIST_KEY_UILaunchStoryboardName = LaunchScreen;
				INFOPLIST_KEY_UISupportedInterfaceOrientations_iPad = "UIInterfaceOrientationPortrait UIInterfaceOrientationPortraitUpsideDown UIInterfaceOrientationLandscapeLeft UIInterfaceOrientationLandscapeRight";
				INFOPLIST_KEY_UISupportedInterfaceOrientations_iPhone = "UIInterfaceOrientationPortrait UIInterfaceOrientationLandscapeLeft UIInterfaceOrientationLandscapeRight";
				LD_RUNPATH_SEARCH_PATHS = (
					"$(inherited)",
					"@executable_path/Frameworks",
				);
				MARKETING_VERSION = 1.0;
				PRODUCT_BUNDLE_IDENTIFIER = grafonsky.iOSWeatherApp;
				PRODUCT_NAME = "$(TARGET_NAME)";
				SWIFT_EMIT_LOC_STRINGS = YES;
				SWIFT_VERSION = 5.0;
				TARGETED_DEVICE_FAMILY = "1,2";
			};
			name = Release;
		};
		90D076B527A820EA00EB235C /* Debug */ = {
			isa = XCBuildConfiguration;
			buildSettings = {
				BUNDLE_LOADER = "$(TEST_HOST)";
				CODE_SIGN_STYLE = Automatic;
				CURRENT_PROJECT_VERSION = 1;
				DEVELOPMENT_TEAM = U5C6Y689FA;
				GENERATE_INFOPLIST_FILE = YES;
				MARKETING_VERSION = 1.0;
				PRODUCT_BUNDLE_IDENTIFIER = grafonsky.iOSWeatherAppTests;
				PRODUCT_NAME = "$(TARGET_NAME)";
				SWIFT_EMIT_LOC_STRINGS = NO;
				SWIFT_VERSION = 5.0;
				TARGETED_DEVICE_FAMILY = "1,2";
				TEST_HOST = "$(BUILT_PRODUCTS_DIR)/iOSWeatherApp.app/iOSWeatherApp";
			};
			name = Debug;
		};
		90D076B627A820EA00EB235C /* Release */ = {
			isa = XCBuildConfiguration;
			buildSettings = {
				BUNDLE_LOADER = "$(TEST_HOST)";
				CODE_SIGN_STYLE = Automatic;
				CURRENT_PROJECT_VERSION = 1;
				DEVELOPMENT_TEAM = U5C6Y689FA;
				GENERATE_INFOPLIST_FILE = YES;
				MARKETING_VERSION = 1.0;
				PRODUCT_BUNDLE_IDENTIFIER = grafonsky.iOSWeatherAppTests;
				PRODUCT_NAME = "$(TARGET_NAME)";
				SWIFT_EMIT_LOC_STRINGS = NO;
				SWIFT_VERSION = 5.0;
				TARGETED_DEVICE_FAMILY = "1,2";
				TEST_HOST = "$(BUILT_PRODUCTS_DIR)/iOSWeatherApp.app/iOSWeatherApp";
			};
			name = Release;
		};
/* End XCBuildConfiguration section */

/* Begin XCConfigurationList section */
		9065C048279F3A1B00A72A11 /* Build configuration list for PBXProject "iOSWeatherApp" */ = {
			isa = XCConfigurationList;
			buildConfigurations = (
				9065C05F279F3A1B00A72A11 /* Debug */,
				9065C060279F3A1B00A72A11 /* Release */,
			);
			defaultConfigurationIsVisible = 0;
			defaultConfigurationName = Release;
		};
		9065C061279F3A1B00A72A11 /* Build configuration list for PBXNativeTarget "iOSWeatherApp" */ = {
			isa = XCConfigurationList;
			buildConfigurations = (
				9065C062279F3A1B00A72A11 /* Debug */,
				9065C063279F3A1B00A72A11 /* Release */,
			);
			defaultConfigurationIsVisible = 0;
			defaultConfigurationName = Release;
		};
		90D076B427A820EA00EB235C /* Build configuration list for PBXNativeTarget "iOSWeatherAppTests" */ = {
			isa = XCConfigurationList;
			buildConfigurations = (
				90D076B527A820EA00EB235C /* Debug */,
				90D076B627A820EA00EB235C /* Release */,
			);
			defaultConfigurationIsVisible = 0;
			defaultConfigurationName = Release;
		};
/* End XCConfigurationList section */

/* Begin XCVersionGroup section */
		90D0769D27A8074D00EB235C /* iOSWeatherAppDB.xcdatamodeld */ = {
			isa = XCVersionGroup;
			children = (
				90D0769E27A8074D00EB235C /* weatherAppDB.xcdatamodel */,
			);
			currentVersion = 90D0769E27A8074D00EB235C /* weatherAppDB.xcdatamodel */;
			path = iOSWeatherAppDB.xcdatamodeld;
			sourceTree = "<group>";
			versionGroupType = wrapper.xcdatamodel;
		};
/* End XCVersionGroup section */
	};
	rootObject = 9065C045279F3A1B00A72A11 /* Project object */;
}
