// !$*UTF8*$!
{
	archiveVersion = 1;
	classes = {
	};
	objectVersion = 54;
	objects = {

/* Begin PBXBuildFile section */
		903E5A8E28F20D15008FCB63 /* iOSWeatherApp.swift in Sources */ = {isa = PBXBuildFile; fileRef = 903E5A8D28F20D15008FCB63 /* iOSWeatherApp.swift */; };
		903E5A9228F20D15008FCB63 /* Assets.xcassets in Resources */ = {isa = PBXBuildFile; fileRef = 903E5A9128F20D15008FCB63 /* Assets.xcassets */; };
		903E5A9528F20D15008FCB63 /* Preview Assets.xcassets in Resources */ = {isa = PBXBuildFile; fileRef = 903E5A9428F20D15008FCB63 /* Preview Assets.xcassets */; };
		903E5ABA28F20EC1008FCB63 /* Font + ext.swift in Sources */ = {isa = PBXBuildFile; fileRef = 903E5AB928F20EC1008FCB63 /* Font + ext.swift */; };
		903E5ABC28F210FA008FCB63 /* SF-Pro.ttf in Resources */ = {isa = PBXBuildFile; fileRef = 903E5ABB28F210FA008FCB63 /* SF-Pro.ttf */; };
		903E5AC328F213D0008FCB63 /* Color + ext.swift in Sources */ = {isa = PBXBuildFile; fileRef = 903E5AC228F213D0008FCB63 /* Color + ext.swift */; };
		9040E5C428F4EB570058E4B2 /* MainView.swift in Sources */ = {isa = PBXBuildFile; fileRef = 9040E5C328F4EB570058E4B2 /* MainView.swift */; };
		9040E5C728F4EB730058E4B2 /* TabModel.swift in Sources */ = {isa = PBXBuildFile; fileRef = 9040E5C628F4EB730058E4B2 /* TabModel.swift */; };
		9040E5C928F4EC0B0058E4B2 /* TabBar.swift in Sources */ = {isa = PBXBuildFile; fileRef = 9040E5C828F4EC0B0058E4B2 /* TabBar.swift */; };
		9040E5CC28F4ED360058E4B2 /* TabBarButton.swift in Sources */ = {isa = PBXBuildFile; fileRef = 9040E5CB28F4ED360058E4B2 /* TabBarButton.swift */; };
		9040E5CE28F4F5C80058E4B2 /* TabBarClipShape.swift in Sources */ = {isa = PBXBuildFile; fileRef = 9040E5CD28F4F5C80058E4B2 /* TabBarClipShape.swift */; };
		9040E5D128F4FCF60058E4B2 /* WeatherView.swift in Sources */ = {isa = PBXBuildFile; fileRef = 9040E5D028F4FCF60058E4B2 /* WeatherView.swift */; };
		9040E5D528F4FD2D0058E4B2 /* CitiesView.swift in Sources */ = {isa = PBXBuildFile; fileRef = 9040E5D428F4FD2D0058E4B2 /* CitiesView.swift */; };
		90F1F4D728F24FE900786D42 /* Localizable.strings in Resources */ = {isa = PBXBuildFile; fileRef = 90F1F4D928F24FE900786D42 /* Localizable.strings */; };
		90F1F4DB28F2507700786D42 /* String + ext.swift in Sources */ = {isa = PBXBuildFile; fileRef = 90F1F4DA28F2507700786D42 /* String + ext.swift */; };
/* End PBXBuildFile section */

/* Begin PBXFileReference section */
		903E5A8A28F20D15008FCB63 /* iOSWeather.app */ = {isa = PBXFileReference; explicitFileType = wrapper.application; includeInIndex = 0; path = iOSWeather.app; sourceTree = BUILT_PRODUCTS_DIR; };
		903E5A8D28F20D15008FCB63 /* iOSWeatherApp.swift */ = {isa = PBXFileReference; lastKnownFileType = sourcecode.swift; path = iOSWeatherApp.swift; sourceTree = "<group>"; };
		903E5A9128F20D15008FCB63 /* Assets.xcassets */ = {isa = PBXFileReference; lastKnownFileType = folder.assetcatalog; path = Assets.xcassets; sourceTree = "<group>"; };
		903E5A9428F20D15008FCB63 /* Preview Assets.xcassets */ = {isa = PBXFileReference; lastKnownFileType = folder.assetcatalog; path = "Preview Assets.xcassets"; sourceTree = "<group>"; };
		903E5A9B28F20DB1008FCB63 /* Info.plist */ = {isa = PBXFileReference; lastKnownFileType = text.plist.xml; path = Info.plist; sourceTree = "<group>"; };
		903E5AB928F20EC1008FCB63 /* Font + ext.swift */ = {isa = PBXFileReference; lastKnownFileType = sourcecode.swift; path = "Font + ext.swift"; sourceTree = "<group>"; };
		903E5ABB28F210FA008FCB63 /* SF-Pro.ttf */ = {isa = PBXFileReference; lastKnownFileType = file; path = "SF-Pro.ttf"; sourceTree = "<group>"; };
		903E5AC228F213D0008FCB63 /* Color + ext.swift */ = {isa = PBXFileReference; lastKnownFileType = sourcecode.swift; path = "Color + ext.swift"; sourceTree = "<group>"; };
		9040E5C328F4EB570058E4B2 /* MainView.swift */ = {isa = PBXFileReference; lastKnownFileType = sourcecode.swift; path = MainView.swift; sourceTree = "<group>"; };
		9040E5C628F4EB730058E4B2 /* TabModel.swift */ = {isa = PBXFileReference; lastKnownFileType = sourcecode.swift; path = TabModel.swift; sourceTree = "<group>"; };
		9040E5C828F4EC0B0058E4B2 /* TabBar.swift */ = {isa = PBXFileReference; lastKnownFileType = sourcecode.swift; path = TabBar.swift; sourceTree = "<group>"; };
		9040E5CB28F4ED360058E4B2 /* TabBarButton.swift */ = {isa = PBXFileReference; lastKnownFileType = sourcecode.swift; path = TabBarButton.swift; sourceTree = "<group>"; };
		9040E5CD28F4F5C80058E4B2 /* TabBarClipShape.swift */ = {isa = PBXFileReference; lastKnownFileType = sourcecode.swift; path = TabBarClipShape.swift; sourceTree = "<group>"; };
		9040E5D028F4FCF60058E4B2 /* WeatherView.swift */ = {isa = PBXFileReference; lastKnownFileType = sourcecode.swift; path = WeatherView.swift; sourceTree = "<group>"; };
		9040E5D428F4FD2D0058E4B2 /* CitiesView.swift */ = {isa = PBXFileReference; lastKnownFileType = sourcecode.swift; path = CitiesView.swift; sourceTree = "<group>"; };
		90F1F4D828F24FE900786D42 /* en */ = {isa = PBXFileReference; lastKnownFileType = text.plist.strings; name = en; path = en.lproj/Localizable.strings; sourceTree = "<group>"; };
		90F1F4DA28F2507700786D42 /* String + ext.swift */ = {isa = PBXFileReference; lastKnownFileType = sourcecode.swift; path = "String + ext.swift"; sourceTree = "<group>"; };
/* End PBXFileReference section */

/* Begin PBXFrameworksBuildPhase section */
		903E5A8728F20D15008FCB63 /* Frameworks */ = {
			isa = PBXFrameworksBuildPhase;
			buildActionMask = 2147483647;
			files = (
			);
			runOnlyForDeploymentPostprocessing = 0;
		};
/* End PBXFrameworksBuildPhase section */

/* Begin PBXGroup section */
		903E5A8128F20D15008FCB63 = {
			isa = PBXGroup;
			children = (
				903E5A8C28F20D15008FCB63 /* iOSWeather */,
				903E5A8B28F20D15008FCB63 /* Products */,
			);
			sourceTree = "<group>";
		};
		903E5A8B28F20D15008FCB63 /* Products */ = {
			isa = PBXGroup;
			children = (
				903E5A8A28F20D15008FCB63 /* iOSWeather.app */,
			);
			name = Products;
			sourceTree = "<group>";
		};
		903E5A8C28F20D15008FCB63 /* iOSWeather */ = {
			isa = PBXGroup;
			children = (
				9040E5C528F4EB690058E4B2 /* Model */,
				903E5AB828F20EB9008FCB63 /* Extensions */,
				9040E5B628F4D4AC0058E4B2 /* Views */,
				903E5AB328F20E2E008FCB63 /* Resources */,
				903E5A8D28F20D15008FCB63 /* iOSWeatherApp.swift */,
				903E5A9128F20D15008FCB63 /* Assets.xcassets */,
				903E5A9B28F20DB1008FCB63 /* Info.plist */,
				903E5A9328F20D15008FCB63 /* Preview Content */,
			);
			path = iOSWeather;
			sourceTree = "<group>";
		};
		903E5A9328F20D15008FCB63 /* Preview Content */ = {
			isa = PBXGroup;
			children = (
				903E5A9428F20D15008FCB63 /* Preview Assets.xcassets */,
			);
			path = "Preview Content";
			sourceTree = "<group>";
		};
		903E5A9C28F20DC4008FCB63 /* Fonts */ = {
			isa = PBXGroup;
			children = (
				903E5ABB28F210FA008FCB63 /* SF-Pro.ttf */,
			);
			path = Fonts;
			sourceTree = "<group>";
		};
		903E5AB328F20E2E008FCB63 /* Resources */ = {
			isa = PBXGroup;
			children = (
				903E5A9C28F20DC4008FCB63 /* Fonts */,
				90F1F4D928F24FE900786D42 /* Localizable.strings */,
			);
			path = Resources;
			sourceTree = "<group>";
		};
		903E5AB828F20EB9008FCB63 /* Extensions */ = {
			isa = PBXGroup;
			children = (
				903E5AB928F20EC1008FCB63 /* Font + ext.swift */,
				903E5AC228F213D0008FCB63 /* Color + ext.swift */,
				90F1F4DA28F2507700786D42 /* String + ext.swift */,
			);
			path = Extensions;
			sourceTree = "<group>";
		};
		9040E5B628F4D4AC0058E4B2 /* Views */ = {
			isa = PBXGroup;
			children = (
				9040E5D228F4FD140058E4B2 /* CitiesView */,
				9040E5CF28F4FCE90058E4B2 /* WeatherView */,
				9040E5CA28F4EC6A0058E4B2 /* TabBar */,
				9040E5C328F4EB570058E4B2 /* MainView.swift */,
			);
			path = Views;
			sourceTree = "<group>";
		};
		9040E5C528F4EB690058E4B2 /* Model */ = {
			isa = PBXGroup;
			children = (
				9040E5C628F4EB730058E4B2 /* TabModel.swift */,
			);
			path = Model;
			sourceTree = "<group>";
		};
		9040E5CA28F4EC6A0058E4B2 /* TabBar */ = {
			isa = PBXGroup;
			children = (
				9040E5C828F4EC0B0058E4B2 /* TabBar.swift */,
				9040E5CB28F4ED360058E4B2 /* TabBarButton.swift */,
				9040E5CD28F4F5C80058E4B2 /* TabBarClipShape.swift */,
			);
			path = TabBar;
			sourceTree = "<group>";
		};
		9040E5CF28F4FCE90058E4B2 /* WeatherView */ = {
			isa = PBXGroup;
			children = (
				9040E5D028F4FCF60058E4B2 /* WeatherView.swift */,
			);
			path = WeatherView;
			sourceTree = "<group>";
		};
		9040E5D228F4FD140058E4B2 /* CitiesView */ = {
			isa = PBXGroup;
			children = (
				9040E5D428F4FD2D0058E4B2 /* CitiesView.swift */,
			);
			path = CitiesView;
			sourceTree = "<group>";
		};
/* End PBXGroup section */

/* Begin PBXNativeTarget section */
		903E5A8928F20D15008FCB63 /* iOSWeather */ = {
			isa = PBXNativeTarget;
			buildConfigurationList = 903E5A9828F20D15008FCB63 /* Build configuration list for PBXNativeTarget "iOSWeather" */;
			buildPhases = (
				903E5A8628F20D15008FCB63 /* Sources */,
				903E5A8728F20D15008FCB63 /* Frameworks */,
				903E5A8828F20D15008FCB63 /* Resources */,
			);
			buildRules = (
			);
			dependencies = (
			);
			name = iOSWeather;
			productName = iOSWeather;
			productReference = 903E5A8A28F20D15008FCB63 /* iOSWeather.app */;
			productType = "com.apple.product-type.application";
		};
/* End PBXNativeTarget section */

/* Begin PBXProject section */
		903E5A8228F20D15008FCB63 /* Project object */ = {
			isa = PBXProject;
			attributes = {
				BuildIndependentTargetsInParallel = 1;
				LastSwiftUpdateCheck = 1400;
				LastUpgradeCheck = 1400;
				TargetAttributes = {
					903E5A8928F20D15008FCB63 = {
						CreatedOnToolsVersion = 14.0.1;
					};
				};
			};
			buildConfigurationList = 903E5A8528F20D15008FCB63 /* Build configuration list for PBXProject "iOSWeather" */;
			compatibilityVersion = "Xcode 12.0";
			developmentRegion = en;
			hasScannedForEncodings = 0;
			knownRegions = (
				en,
				Base,
			);
			mainGroup = 903E5A8128F20D15008FCB63;
			productRefGroup = 903E5A8B28F20D15008FCB63 /* Products */;
			projectDirPath = "";
			projectRoot = "";
			targets = (
				903E5A8928F20D15008FCB63 /* iOSWeather */,
			);
		};
/* End PBXProject section */

/* Begin PBXResourcesBuildPhase section */
		903E5A8828F20D15008FCB63 /* Resources */ = {
			isa = PBXResourcesBuildPhase;
			buildActionMask = 2147483647;
			files = (
				903E5A9528F20D15008FCB63 /* Preview Assets.xcassets in Resources */,
				90F1F4D728F24FE900786D42 /* Localizable.strings in Resources */,
				903E5ABC28F210FA008FCB63 /* SF-Pro.ttf in Resources */,
				903E5A9228F20D15008FCB63 /* Assets.xcassets in Resources */,
			);
			runOnlyForDeploymentPostprocessing = 0;
		};
/* End PBXResourcesBuildPhase section */

/* Begin PBXSourcesBuildPhase section */
		903E5A8628F20D15008FCB63 /* Sources */ = {
			isa = PBXSourcesBuildPhase;
			buildActionMask = 2147483647;
			files = (
				9040E5D128F4FCF60058E4B2 /* WeatherView.swift in Sources */,
				9040E5C428F4EB570058E4B2 /* MainView.swift in Sources */,
				90F1F4DB28F2507700786D42 /* String + ext.swift in Sources */,
				9040E5C928F4EC0B0058E4B2 /* TabBar.swift in Sources */,
				903E5AC328F213D0008FCB63 /* Color + ext.swift in Sources */,
				9040E5CC28F4ED360058E4B2 /* TabBarButton.swift in Sources */,
				903E5ABA28F20EC1008FCB63 /* Font + ext.swift in Sources */,
				9040E5C728F4EB730058E4B2 /* TabModel.swift in Sources */,
				903E5A8E28F20D15008FCB63 /* iOSWeatherApp.swift in Sources */,
				9040E5CE28F4F5C80058E4B2 /* TabBarClipShape.swift in Sources */,
				9040E5D528F4FD2D0058E4B2 /* CitiesView.swift in Sources */,
			);
			runOnlyForDeploymentPostprocessing = 0;
		};
/* End PBXSourcesBuildPhase section */

/* Begin PBXVariantGroup section */
		90F1F4D928F24FE900786D42 /* Localizable.strings */ = {
			isa = PBXVariantGroup;
			children = (
				90F1F4D828F24FE900786D42 /* en */,
			);
			name = Localizable.strings;
			sourceTree = "<group>";
		};
/* End PBXVariantGroup section */

/* Begin XCBuildConfiguration section */
		903E5A9628F20D15008FCB63 /* Debug */ = {
			isa = XCBuildConfiguration;
			buildSettings = {
				ALWAYS_SEARCH_USER_PATHS = NO;
				CLANG_ANALYZER_NONNULL = YES;
				CLANG_ANALYZER_NUMBER_OBJECT_CONVERSION = YES_AGGRESSIVE;
				CLANG_CXX_LANGUAGE_STANDARD = "gnu++20";
				CLANG_ENABLE_MODULES = YES;
				CLANG_ENABLE_OBJC_ARC = YES;
				CLANG_ENABLE_OBJC_WEAK = YES;
				CLANG_WARN_BLOCK_CAPTURE_AUTORELEASING = YES;
				CLANG_WARN_BOOL_CONVERSION = YES;
				CLANG_WARN_COMMA = YES;
				CLANG_WARN_CONSTANT_CONVERSION = YES;
				CLANG_WARN_DEPRECATED_OBJC_IMPLEMENTATIONS = YES;
				CLANG_WARN_DIRECT_OBJC_ISA_USAGE = YES_ERROR;
				CLANG_WARN_DOCUMENTATION_COMMENTS = YES;
				CLANG_WARN_EMPTY_BODY = YES;
				CLANG_WARN_ENUM_CONVERSION = YES;
				CLANG_WARN_INFINITE_RECURSION = YES;
				CLANG_WARN_INT_CONVERSION = YES;
				CLANG_WARN_NON_LITERAL_NULL_CONVERSION = YES;
				CLANG_WARN_OBJC_IMPLICIT_RETAIN_SELF = YES;
				CLANG_WARN_OBJC_LITERAL_CONVERSION = YES;
				CLANG_WARN_OBJC_ROOT_CLASS = YES_ERROR;
				CLANG_WARN_QUOTED_INCLUDE_IN_FRAMEWORK_HEADER = YES;
				CLANG_WARN_RANGE_LOOP_ANALYSIS = YES;
				CLANG_WARN_STRICT_PROTOTYPES = YES;
				CLANG_WARN_SUSPICIOUS_MOVE = YES;
				CLANG_WARN_UNGUARDED_AVAILABILITY = YES_AGGRESSIVE;
				CLANG_WARN_UNREACHABLE_CODE = YES;
				CLANG_WARN__DUPLICATE_METHOD_MATCH = YES;
				COPY_PHASE_STRIP = NO;
				DEBUG_INFORMATION_FORMAT = dwarf;
				ENABLE_STRICT_OBJC_MSGSEND = YES;
				ENABLE_TESTABILITY = YES;
				GCC_C_LANGUAGE_STANDARD = gnu11;
				GCC_DYNAMIC_NO_PIC = NO;
				GCC_NO_COMMON_BLOCKS = YES;
				GCC_OPTIMIZATION_LEVEL = 0;
				GCC_PREPROCESSOR_DEFINITIONS = (
					"DEBUG=1",
					"$(inherited)",
				);
				GCC_WARN_64_TO_32_BIT_CONVERSION = YES;
				GCC_WARN_ABOUT_RETURN_TYPE = YES_ERROR;
				GCC_WARN_UNDECLARED_SELECTOR = YES;
				GCC_WARN_UNINITIALIZED_AUTOS = YES_AGGRESSIVE;
				GCC_WARN_UNUSED_FUNCTION = YES;
				GCC_WARN_UNUSED_VARIABLE = YES;
				IPHONEOS_DEPLOYMENT_TARGET = 16.0;
				MTL_ENABLE_DEBUG_INFO = INCLUDE_SOURCE;
				MTL_FAST_MATH = YES;
				ONLY_ACTIVE_ARCH = YES;
				SDKROOT = iphoneos;
				SWIFT_ACTIVE_COMPILATION_CONDITIONS = DEBUG;
				SWIFT_OPTIMIZATION_LEVEL = "-Onone";
			};
			name = Debug;
		};
		903E5A9728F20D15008FCB63 /* Release */ = {
			isa = XCBuildConfiguration;
			buildSettings = {
				ALWAYS_SEARCH_USER_PATHS = NO;
				CLANG_ANALYZER_NONNULL = YES;
				CLANG_ANALYZER_NUMBER_OBJECT_CONVERSION = YES_AGGRESSIVE;
				CLANG_CXX_LANGUAGE_STANDARD = "gnu++20";
				CLANG_ENABLE_MODULES = YES;
				CLANG_ENABLE_OBJC_ARC = YES;
				CLANG_ENABLE_OBJC_WEAK = YES;
				CLANG_WARN_BLOCK_CAPTURE_AUTORELEASING = YES;
				CLANG_WARN_BOOL_CONVERSION = YES;
				CLANG_WARN_COMMA = YES;
				CLANG_WARN_CONSTANT_CONVERSION = YES;
				CLANG_WARN_DEPRECATED_OBJC_IMPLEMENTATIONS = YES;
				CLANG_WARN_DIRECT_OBJC_ISA_USAGE = YES_ERROR;
				CLANG_WARN_DOCUMENTATION_COMMENTS = YES;
				CLANG_WARN_EMPTY_BODY = YES;
				CLANG_WARN_ENUM_CONVERSION = YES;
				CLANG_WARN_INFINITE_RECURSION = YES;
				CLANG_WARN_INT_CONVERSION = YES;
				CLANG_WARN_NON_LITERAL_NULL_CONVERSION = YES;
				CLANG_WARN_OBJC_IMPLICIT_RETAIN_SELF = YES;
				CLANG_WARN_OBJC_LITERAL_CONVERSION = YES;
				CLANG_WARN_OBJC_ROOT_CLASS = YES_ERROR;
				CLANG_WARN_QUOTED_INCLUDE_IN_FRAMEWORK_HEADER = YES;
				CLANG_WARN_RANGE_LOOP_ANALYSIS = YES;
				CLANG_WARN_STRICT_PROTOTYPES = YES;
				CLANG_WARN_SUSPICIOUS_MOVE = YES;
				CLANG_WARN_UNGUARDED_AVAILABILITY = YES_AGGRESSIVE;
				CLANG_WARN_UNREACHABLE_CODE = YES;
				CLANG_WARN__DUPLICATE_METHOD_MATCH = YES;
				COPY_PHASE_STRIP = NO;
				DEBUG_INFORMATION_FORMAT = "dwarf-with-dsym";
				ENABLE_NS_ASSERTIONS = NO;
				ENABLE_STRICT_OBJC_MSGSEND = YES;
				GCC_C_LANGUAGE_STANDARD = gnu11;
				GCC_NO_COMMON_BLOCKS = YES;
				GCC_WARN_64_TO_32_BIT_CONVERSION = YES;
				GCC_WARN_ABOUT_RETURN_TYPE = YES_ERROR;
				GCC_WARN_UNDECLARED_SELECTOR = YES;
				GCC_WARN_UNINITIALIZED_AUTOS = YES_AGGRESSIVE;
				GCC_WARN_UNUSED_FUNCTION = YES;
				GCC_WARN_UNUSED_VARIABLE = YES;
				IPHONEOS_DEPLOYMENT_TARGET = 16.0;
				MTL_ENABLE_DEBUG_INFO = NO;
				MTL_FAST_MATH = YES;
				SDKROOT = iphoneos;
				SWIFT_COMPILATION_MODE = wholemodule;
				SWIFT_OPTIMIZATION_LEVEL = "-O";
				VALIDATE_PRODUCT = YES;
			};
			name = Release;
		};
		903E5A9928F20D15008FCB63 /* Debug */ = {
			isa = XCBuildConfiguration;
			buildSettings = {
				ASSETCATALOG_COMPILER_APPICON_NAME = AppIcon;
				ASSETCATALOG_COMPILER_GLOBAL_ACCENT_COLOR_NAME = AccentColor;
				CODE_SIGN_STYLE = Automatic;
				CURRENT_PROJECT_VERSION = 1;
				DEVELOPMENT_ASSET_PATHS = "\"iOSWeather/Preview Content\"";
				ENABLE_PREVIEWS = YES;
				GENERATE_INFOPLIST_FILE = YES;
				INFOPLIST_FILE = iOSWeather/Info.plist;
				INFOPLIST_KEY_UIApplicationSceneManifest_Generation = YES;
				INFOPLIST_KEY_UIApplicationSupportsIndirectInputEvents = YES;
				INFOPLIST_KEY_UILaunchScreen_Generation = YES;
				INFOPLIST_KEY_UISupportedInterfaceOrientations_iPhone = UIInterfaceOrientationPortrait;
				IPHONEOS_DEPLOYMENT_TARGET = 16.0;
				LD_RUNPATH_SEARCH_PATHS = (
					"$(inherited)",
					"@executable_path/Frameworks",
				);
				MARKETING_VERSION = 1.0;
				PRODUCT_BUNDLE_IDENTIFIER = grafonsky.iOSWeather;
				PRODUCT_NAME = "$(TARGET_NAME)";
				SWIFT_EMIT_LOC_STRINGS = YES;
				SWIFT_VERSION = 5.0;
				TARGETED_DEVICE_FAMILY = "1,2";
			};
			name = Debug;
		};
		903E5A9A28F20D15008FCB63 /* Release */ = {
			isa = XCBuildConfiguration;
			buildSettings = {
				ASSETCATALOG_COMPILER_APPICON_NAME = AppIcon;
				ASSETCATALOG_COMPILER_GLOBAL_ACCENT_COLOR_NAME = AccentColor;
				CODE_SIGN_STYLE = Automatic;
				CURRENT_PROJECT_VERSION = 1;
				DEVELOPMENT_ASSET_PATHS = "\"iOSWeather/Preview Content\"";
				ENABLE_PREVIEWS = YES;
				GENERATE_INFOPLIST_FILE = YES;
				INFOPLIST_FILE = iOSWeather/Info.plist;
				INFOPLIST_KEY_UIApplicationSceneManifest_Generation = YES;
				INFOPLIST_KEY_UIApplicationSupportsIndirectInputEvents = YES;
				INFOPLIST_KEY_UILaunchScreen_Generation = YES;
				INFOPLIST_KEY_UISupportedInterfaceOrientations_iPhone = UIInterfaceOrientationPortrait;
				IPHONEOS_DEPLOYMENT_TARGET = 16.0;
				LD_RUNPATH_SEARCH_PATHS = (
					"$(inherited)",
					"@executable_path/Frameworks",
				);
				MARKETING_VERSION = 1.0;
				PRODUCT_BUNDLE_IDENTIFIER = grafonsky.iOSWeather;
				PRODUCT_NAME = "$(TARGET_NAME)";
				SWIFT_EMIT_LOC_STRINGS = YES;
				SWIFT_VERSION = 5.0;
				TARGETED_DEVICE_FAMILY = "1,2";
			};
			name = Release;
		};
/* End XCBuildConfiguration section */

/* Begin XCConfigurationList section */
		903E5A8528F20D15008FCB63 /* Build configuration list for PBXProject "iOSWeather" */ = {
			isa = XCConfigurationList;
			buildConfigurations = (
				903E5A9628F20D15008FCB63 /* Debug */,
				903E5A9728F20D15008FCB63 /* Release */,
			);
			defaultConfigurationIsVisible = 0;
			defaultConfigurationName = Release;
		};
		903E5A9828F20D15008FCB63 /* Build configuration list for PBXNativeTarget "iOSWeather" */ = {
			isa = XCConfigurationList;
			buildConfigurations = (
				903E5A9928F20D15008FCB63 /* Debug */,
				903E5A9A28F20D15008FCB63 /* Release */,
			);
			defaultConfigurationIsVisible = 0;
			defaultConfigurationName = Release;
		};
/* End XCConfigurationList section */
	};
	rootObject = 903E5A8228F20D15008FCB63 /* Project object */;
}
